{
  "originHash" : "60f5664bd484d2c636222162c2be6ad1f640c5d580d00dc6d8b92b8752d08d02",
  "pins" : [
    {
      "identity" : "kingfisher",
      "kind" : "remoteSourceControl",
      "location" : "https://github.com/onevcat/Kingfisher.git",
      "state" : {
        "revision" : "5b92f029fab2cce44386d28588098b5be0824ef5",
        "version" : "7.11.0"
      }
    },
    {
      "identity" : "movieappdata",
      "kind" : "remoteSourceControl",
      "location" : "https://github.com/fiveagency/MovieAppData",
      "state" : {
        "revision" : "9bf9b94ac967d6120f22d4379e4618973189b8d9",
        "version" : "2.1.0"
      }
    },
    {
      "identity" : "purelayout",
      "kind" : "remoteSourceControl",
      "location" : "https://github.com/PureLayout/PureLayout",
      "state" : {
        "revision" : "5561683c96dc49b023c1299bfe4f6fbeed5f8199",
        "version" : "3.1.9"
      }
    },
    {
      "identity" : "sdwebimage",
      "kind" : "remoteSourceControl",
      "location" : "https://github.com/SDWebImage/SDWebImage",
      "state" : {
        "revision" : "5642d1ffe3dbe628592443bd14154e31929727b4",
        "version" : "5.19.2"
      }
    }
  ],
  "version" : 3
}
